// !$*UTF8*$!
{
	archiveVersion = 1;
	classes = {
	};
	objectVersion = 50;
	objects = {

/* Begin PBXBuildFile section */
		E3129359257D38D8003893EE /* AppDelegate.swift in Sources */ = {isa = PBXBuildFile; fileRef = E3129358257D38D8003893EE /* AppDelegate.swift */; };
		E312935B257D38D8003893EE /* SceneDelegate.swift in Sources */ = {isa = PBXBuildFile; fileRef = E312935A257D38D8003893EE /* SceneDelegate.swift */; };
		E312935D257D38D8003893EE /* ViewController.swift in Sources */ = {isa = PBXBuildFile; fileRef = E312935C257D38D8003893EE /* ViewController.swift */; };
		E3129360257D38D8003893EE /* Main.storyboard in Resources */ = {isa = PBXBuildFile; fileRef = E312935E257D38D8003893EE /* Main.storyboard */; };
		E3129363257D38D8003893EE /* SeeFood_CoreML.xcdatamodeld in Sources */ = {isa = PBXBuildFile; fileRef = E3129361257D38D8003893EE /* SeeFood_CoreML.xcdatamodeld */; };
		E3129365257D38DA003893EE /* Assets.xcassets in Resources */ = {isa = PBXBuildFile; fileRef = E3129364257D38DA003893EE /* Assets.xcassets */; };
		E3129368257D38DA003893EE /* LaunchScreen.storyboard in Resources */ = {isa = PBXBuildFile; fileRef = E3129366257D38DA003893EE /* LaunchScreen.storyboard */; };
		E3129371257D39C1003893EE /* Inceptionv3.mlmodel in Sources */ = {isa = PBXBuildFile; fileRef = E3129370257D39C1003893EE /* Inceptionv3.mlmodel */; };
/* End PBXBuildFile section */

/* Begin PBXFileReference section */
		E3129355257D38D8003893EE /* SeeFood CoreML.app */ = {isa = PBXFileReference; explicitFileType = wrapper.application; includeInIndex = 0; path = "SeeFood CoreML.app"; sourceTree = BUILT_PRODUCTS_DIR; };
		E3129358257D38D8003893EE /* AppDelegate.swift */ = {isa = PBXFileReference; lastKnownFileType = sourcecode.swift; path = AppDelegate.swift; sourceTree = "<group>"; };
		E312935A257D38D8003893EE /* SceneDelegate.swift */ = {isa = PBXFileReference; lastKnownFileType = sourcecode.swift; path = SceneDelegate.swift; sourceTree = "<group>"; };
		E312935C257D38D8003893EE /* ViewController.swift */ = {isa = PBXFileReference; lastKnownFileType = sourcecode.swift; path = ViewController.swift; sourceTree = "<group>"; };
		E312935F257D38D8003893EE /* Base */ = {isa = PBXFileReference; lastKnownFileType = file.storyboard; name = Base; path = Base.lproj/Main.storyboard; sourceTree = "<group>"; };
		E3129362257D38D8003893EE /* SeeFood_CoreML.xcdatamodel */ = {isa = PBXFileReference; lastKnownFileType = wrapper.xcdatamodel; path = SeeFood_CoreML.xcdatamodel; sourceTree = "<group>"; };
		E3129364257D38DA003893EE /* Assets.xcassets */ = {isa = PBXFileReference; lastKnownFileType = folder.assetcatalog; path = Assets.xcassets; sourceTree = "<group>"; };
		E3129367257D38DA003893EE /* Base */ = {isa = PBXFileReference; lastKnownFileType = file.storyboard; name = Base; path = Base.lproj/LaunchScreen.storyboard; sourceTree = "<group>"; };
		E3129369257D38DA003893EE /* Info.plist */ = {isa = PBXFileReference; lastKnownFileType = text.plist.xml; path = Info.plist; sourceTree = "<group>"; };
		E3129370257D39C1003893EE /* Inceptionv3.mlmodel */ = {isa = PBXFileReference; lastKnownFileType = file.mlmodel; path = Inceptionv3.mlmodel; sourceTree = "<group>"; };
/* End PBXFileReference section */

/* Begin PBXFrameworksBuildPhase section */
		E3129352257D38D8003893EE /* Frameworks */ = {
			isa = PBXFrameworksBuildPhase;
			buildActionMask = 2147483647;
			files = (
			);
			runOnlyForDeploymentPostprocessing = 0;
		};
/* End PBXFrameworksBuildPhase section */

/* Begin PBXGroup section */
		E312934C257D38D8003893EE = {
			isa = PBXGroup;
			children = (
				E3129357257D38D8003893EE /* SeeFood CoreML */,
				E3129356257D38D8003893EE /* Products */,
			);
			sourceTree = "<group>";
		};
		E3129356257D38D8003893EE /* Products */ = {
			isa = PBXGroup;
			children = (
				E3129355257D38D8003893EE /* SeeFood CoreML.app */,
			);
			name = Products;
			sourceTree = "<group>";
		};
		E3129357257D38D8003893EE /* SeeFood CoreML */ = {
			isa = PBXGroup;
			children = (
				E3129358257D38D8003893EE /* AppDelegate.swift */,
				E312935A257D38D8003893EE /* SceneDelegate.swift */,
				E312935C257D38D8003893EE /* ViewController.swift */,
				E312935E257D38D8003893EE /* Main.storyboard */,
				E3129364257D38DA003893EE /* Assets.xcassets */,
				E3129366257D38DA003893EE /* LaunchScreen.storyboard */,
				E3129369257D38DA003893EE /* Info.plist */,
				E3129370257D39C1003893EE /* Inceptionv3.mlmodel */,
				E3129361257D38D8003893EE /* SeeFood_CoreML.xcdatamodeld */,
			);
			path = "SeeFood CoreML";
			sourceTree = "<group>";
		};
/* End PBXGroup section */

/* Begin PBXNativeTarget section */
		E3129354257D38D8003893EE /* SeeFood CoreML */ = {
			isa = PBXNativeTarget;
			buildConfigurationList = E312936C257D38DA003893EE /* Build configuration list for PBXNativeTarget "SeeFood CoreML" */;
			buildPhases = (
				E3129351257D38D8003893EE /* Sources */,
				E3129352257D38D8003893EE /* Frameworks */,
				E3129353257D38D8003893EE /* Resources */,
			);
			buildRules = (
			);
			dependencies = (
			);
			name = "SeeFood CoreML";
			productName = "SeeFood CoreML";
			productReference = E3129355257D38D8003893EE /* SeeFood CoreML.app */;
			productType = "com.apple.product-type.application";
		};
/* End PBXNativeTarget section */

/* Begin PBXProject section */
		E312934D257D38D8003893EE /* Project object */ = {
			isa = PBXProject;
			attributes = {
				LastSwiftUpdateCheck = 1220;
				LastUpgradeCheck = 1220;
				TargetAttributes = {
					E3129354257D38D8003893EE = {
						CreatedOnToolsVersion = 12.2;
					};
				};
			};
			buildConfigurationList = E3129350257D38D8003893EE /* Build configuration list for PBXProject "SeeFood CoreML" */;
			compatibilityVersion = "Xcode 9.3";
			developmentRegion = en;
			hasScannedForEncodings = 0;
			knownRegions = (
				en,
				Base,
			);
			mainGroup = E312934C257D38D8003893EE;
			productRefGroup = E3129356257D38D8003893EE /* Products */;
			projectDirPath = "";
			projectRoot = "";
			targets = (
				E3129354257D38D8003893EE /* SeeFood CoreML */,
			);
		};
/* End PBXProject section */

/* Begin PBXResourcesBuildPhase section */
		E3129353257D38D8003893EE /* Resources */ = {
			isa = PBXResourcesBuildPhase;
			buildActionMask = 2147483647;
			files = (
				E3129368257D38DA003893EE /* LaunchScreen.storyboard in Resources */,
				E3129365257D38DA003893EE /* Assets.xcassets in Resources */,
				E3129360257D38D8003893EE /* Main.storyboard in Resources */,
			);
			runOnlyForDeploymentPostprocessing = 0;
		};
/* End PBXResourcesBuildPhase section */

/* Begin PBXSourcesBuildPhase section */
		E3129351257D38D8003893EE /* Sources */ = {
			isa = PBXSourcesBuildPhase;
			buildActionMask = 2147483647;
			files = (
				E3129371257D39C1003893EE /* Inceptionv3.mlmodel in Sources */,
				E312935D257D38D8003893EE /* ViewController.swift in Sources */,
				E3129363257D38D8003893EE /* SeeFood_CoreML.xcdatamodeld in Sources */,
				E3129359257D38D8003893EE /* AppDelegate.swift in Sources */,
				E312935B257D38D8003893EE /* SceneDelegate.swift in Sources */,
			);
			runOnlyForDeploymentPostprocessing = 0;
		};
/* End PBXSourcesBuildPhase section */

/* Begin PBXVariantGroup section */
		E312935E257D38D8003893EE /* Main.storyboard */ = {
			isa = PBXVariantGroup;
			children = (
				E312935F257D38D8003893EE /* Base */,
			);
			name = Main.storyboard;
			sourceTree = "<group>";
		};
		E3129366257D38DA003893EE /* LaunchScreen.storyboard */ = {
			isa = PBXVariantGroup;
			children = (
				E3129367257D38DA003893EE /* Base */,
			);
			name = LaunchScreen.storyboard;
			sourceTree = "<group>";
		};
/* End PBXVariantGroup section */

/* Begin XCBuildConfiguration section */
		E312936A257D38DA003893EE /* Debug */ = {
			isa = XCBuildConfiguration;
			buildSettings = {
				ALWAYS_SEARCH_USER_PATHS = NO;
				CLANG_ANALYZER_NONNULL = YES;
				CLANG_ANALYZER_NUMBER_OBJECT_CONVERSION = YES_AGGRESSIVE;
				CLANG_CXX_LANGUAGE_STANDARD = "gnu++14";
				CLANG_CXX_LIBRARY = "libc++";
				CLANG_ENABLE_MODULES = YES;
				CLANG_ENABLE_OBJC_ARC = YES;
				CLANG_ENABLE_OBJC_WEAK = YES;
				CLANG_WARN_BLOCK_CAPTURE_AUTORELEASING = YES;
				CLANG_WARN_BOOL_CONVERSION = YES;
				CLANG_WARN_COMMA = YES;
				CLANG_WARN_CONSTANT_CONVERSION = YES;
				CLANG_WARN_DEPRECATED_OBJC_IMPLEMENTATIONS = YES;
				CLANG_WARN_DIRECT_OBJC_ISA_USAGE = YES_ERROR;
				CLANG_WARN_DOCUMENTATION_COMMENTS = YES;
				CLANG_WARN_EMPTY_BODY = YES;
				CLANG_WARN_ENUM_CONVERSION = YES;
				CLANG_WARN_INFINITE_RECURSION = YES;
				CLANG_WARN_INT_CONVERSION = YES;
				CLANG_WARN_NON_LITERAL_NULL_CONVERSION = YES;
				CLANG_WARN_OBJC_IMPLICIT_RETAIN_SELF = YES;
				CLANG_WARN_OBJC_LITERAL_CONVERSION = YES;
				CLANG_WARN_OBJC_ROOT_CLASS = YES_ERROR;
				CLANG_WARN_QUOTED_INCLUDE_IN_FRAMEWORK_HEADER = YES;
				CLANG_WARN_RANGE_LOOP_ANALYSIS = YES;
				CLANG_WARN_STRICT_PROTOTYPES = YES;
				CLANG_WARN_SUSPICIOUS_MOVE = YES;
				CLANG_WARN_UNGUARDED_AVAILABILITY = YES_AGGRESSIVE;
				CLANG_WARN_UNREACHABLE_CODE = YES;
				CLANG_WARN__DUPLICATE_METHOD_MATCH = YES;
				COPY_PHASE_STRIP = NO;
				DEBUG_INFORMATION_FORMAT = dwarf;
				ENABLE_STRICT_OBJC_MSGSEND = YES;
				ENABLE_TESTABILITY = YES;
				GCC_C_LANGUAGE_STANDARD = gnu11;
				GCC_DYNAMIC_NO_PIC = NO;
				GCC_NO_COMMON_BLOCKS = YES;
				GCC_OPTIMIZATION_LEVEL = 0;
				GCC_PREPROCESSOR_DEFINITIONS = (
					"DEBUG=1",
					"$(inherited)",
				);
				GCC_WARN_64_TO_32_BIT_CONVERSION = YES;
				GCC_WARN_ABOUT_RETURN_TYPE = YES_ERROR;
				GCC_WARN_UNDECLARED_SELECTOR = YES;
				GCC_WARN_UNINITIALIZED_AUTOS = YES_AGGRESSIVE;
				GCC_WARN_UNUSED_FUNCTION = YES;
				GCC_WARN_UNUSED_VARIABLE = YES;
				IPHONEOS_DEPLOYMENT_TARGET = 14.2;
				MTL_ENABLE_DEBUG_INFO = INCLUDE_SOURCE;
				MTL_FAST_MATH = YES;
				ONLY_ACTIVE_ARCH = YES;
				SDKROOT = iphoneos;
				SWIFT_ACTIVE_COMPILATION_CONDITIONS = DEBUG;
				SWIFT_OPTIMIZATION_LEVEL = "-Onone";
			};
			name = Debug;
		};
		E312936B257D38DA003893EE /* Release */ = {
			isa = XCBuildConfiguration;
			buildSettings = {
				ALWAYS_SEARCH_USER_PATHS = NO;
				CLANG_ANALYZER_NONNULL = YES;
				CLANG_ANALYZER_NUMBER_OBJECT_CONVERSION = YES_AGGRESSIVE;
				CLANG_CXX_LANGUAGE_STANDARD = "gnu++14";
				CLANG_CXX_LIBRARY = "libc++";
				CLANG_ENABLE_MODULES = YES;
				CLANG_ENABLE_OBJC_ARC = YES;
				CLANG_ENABLE_OBJC_WEAK = YES;
				CLANG_WARN_BLOCK_CAPTURE_AUTORELEASING = YES;
				CLANG_WARN_BOOL_CONVERSION = YES;
				CLANG_WARN_COMMA = YES;
				CLANG_WARN_CONSTANT_CONVERSION = YES;
				CLANG_WARN_DEPRECATED_OBJC_IMPLEMENTATIONS = YES;
				CLANG_WARN_DIRECT_OBJC_ISA_USAGE = YES_ERROR;
				CLANG_WARN_DOCUMENTATION_COMMENTS = YES;
				CLANG_WARN_EMPTY_BODY = YES;
				CLANG_WARN_ENUM_CONVERSION = YES;
				CLANG_WARN_INFINITE_RECURSION = YES;
				CLANG_WARN_INT_CONVERSION = YES;
				CLANG_WARN_NON_LITERAL_NULL_CONVERSION = YES;
				CLANG_WARN_OBJC_IMPLICIT_RETAIN_SELF = YES;
				CLANG_WARN_OBJC_LITERAL_CONVERSION = YES;
				CLANG_WARN_OBJC_ROOT_CLASS = YES_ERROR;
				CLANG_WARN_QUOTED_INCLUDE_IN_FRAMEWORK_HEADER = YES;
				CLANG_WARN_RANGE_LOOP_ANALYSIS = YES;
				CLANG_WARN_STRICT_PROTOTYPES = YES;
				CLANG_WARN_SUSPICIOUS_MOVE = YES;
				CLANG_WARN_UNGUARDED_AVAILABILITY = YES_AGGRESSIVE;
				CLANG_WARN_UNREACHABLE_CODE = YES;
				CLANG_WARN__DUPLICATE_METHOD_MATCH = YES;
				COPY_PHASE_STRIP = NO;
				DEBUG_INFORMATION_FORMAT = "dwarf-with-dsym";
				ENABLE_NS_ASSERTIONS = NO;
				ENABLE_STRICT_OBJC_MSGSEND = YES;
				GCC_C_LANGUAGE_STANDARD = gnu11;
				GCC_NO_COMMON_BLOCKS = YES;
				GCC_WARN_64_TO_32_BIT_CONVERSION = YES;
				GCC_WARN_ABOUT_RETURN_TYPE = YES_ERROR;
				GCC_WARN_UNDECLARED_SELECTOR = YES;
				GCC_WARN_UNINITIALIZED_AUTOS = YES_AGGRESSIVE;
				GCC_WARN_UNUSED_FUNCTION = YES;
				GCC_WARN_UNUSED_VARIABLE = YES;
				IPHONEOS_DEPLOYMENT_TARGET = 14.2;
				MTL_ENABLE_DEBUG_INFO = NO;
				MTL_FAST_MATH = YES;
				SDKROOT = iphoneos;
				SWIFT_COMPILATION_MODE = wholemodule;
				SWIFT_OPTIMIZATION_LEVEL = "-O";
				VALIDATE_PRODUCT = YES;
			};
			name = Release;
		};
		E312936D257D38DA003893EE /* Debug */ = {
			isa = XCBuildConfiguration;
			buildSettings = {
				ASSETCATALOG_COMPILER_APPICON_NAME = AppIcon;
				ASSETCATALOG_COMPILER_GLOBAL_ACCENT_COLOR_NAME = AccentColor;
				CODE_SIGN_STYLE = Automatic;
				DEVELOPMENT_TEAM = 8V9373J59J;
				INFOPLIST_FILE = "SeeFood CoreML/Info.plist";
				LD_RUNPATH_SEARCH_PATHS = (
					"$(inherited)",
					"@executable_path/Frameworks",
				);
				PRODUCT_BUNDLE_IDENTIFIER = "com.test.app.SeeFood-CoreML";
				PRODUCT_NAME = "$(TARGET_NAME)";
				SWIFT_VERSION = 5.0;
				TARGETED_DEVICE_FAMILY = "1,2";
			};
			name = Debug;
		};
		E312936E257D38DA003893EE /* Release */ = {
			isa = XCBuildConfiguration;
			buildSettings = {
				ASSETCATALOG_COMPILER_APPICON_NAME = AppIcon;
				ASSETCATALOG_COMPILER_GLOBAL_ACCENT_COLOR_NAME = AccentColor;
				CODE_SIGN_STYLE = Automatic;
				DEVELOPMENT_TEAM = 8V9373J59J;
				INFOPLIST_FILE = "SeeFood CoreML/Info.plist";
				LD_RUNPATH_SEARCH_PATHS = (
					"$(inherited)",
					"@executable_path/Frameworks",
				);
				PRODUCT_BUNDLE_IDENTIFIER = "com.test.app.SeeFood-CoreML";
				PRODUCT_NAME = "$(TARGET_NAME)";
				SWIFT_VERSION = 5.0;
				TARGETED_DEVICE_FAMILY = "1,2";
			};
			name = Release;
		};
/* End XCBuildConfiguration section */

/* Begin XCConfigurationList section */
		E3129350257D38D8003893EE /* Build configuration list for PBXProject "SeeFood CoreML" */ = {
			isa = XCConfigurationList;
			buildConfigurations = (
				E312936A257D38DA003893EE /* Debug */,
				E312936B257D38DA003893EE /* Release */,
			);
			defaultConfigurationIsVisible = 0;
			defaultConfigurationName = Release;
		};
		E312936C257D38DA003893EE /* Build configuration list for PBXNativeTarget "SeeFood CoreML" */ = {
			isa = XCConfigurationList;
			buildConfigurations = (
				E312936D257D38DA003893EE /* Debug */,
				E312936E257D38DA003893EE /* Release */,
			);
			defaultConfigurationIsVisible = 0;
			defaultConfigurationName = Release;
		};
/* End XCConfigurationList section */

/* Begin XCVersionGroup section */
		E3129361257D38D8003893EE /* SeeFood_CoreML.xcdatamodeld */ = {
			isa = XCVersionGroup;
			children = (
				E3129362257D38D8003893EE /* SeeFood_CoreML.xcdatamodel */,
			);
			currentVersion = E3129362257D38D8003893EE /* SeeFood_CoreML.xcdatamodel */;
			path = SeeFood_CoreML.xcdatamodeld;
			sourceTree = "<group>";
			versionGroupType = wrapper.xcdatamodel;
		};
/* End XCVersionGroup section */
	};
	rootObject = E312934D257D38D8003893EE /* Project object */;
}
